
Microsoft Visual Studio Solution File, Format Version 12.00
# Visual Studio Version 17
VisualStudioVersion = 17.3.32929.385
MinimumVisualStudioVersion = 10.0.40219.1
Project("{FAE04EC0-301F-11D3-BF4B-00C04F79EFBC}") = "3ISP9_19VB_Kiselyov_And_Ustinov", "3ISP9_19VB_Kiselyov_And_Ustinov\3ISP9_19VB_Kiselyov_And_Ustinov.csproj", "{ECAAC86B-0891-42B7-A7B4-DE30E9AFC9F3}"
EndProject
Project("{FAE04EC0-301F-11D3-BF4B-00C04F79EFBC}") = "MathLibraryBlin", "MathLibraryBlin\MathLibraryBlin.csproj", "{9743EE68-7F99-4B4E-A212-40CF4A909904}"
EndProject
Global
	GlobalSection(SolutionConfigurationPlatforms) = preSolution
		Debug|Any CPU = Debug|Any CPU
		Release|Any CPU = Release|Any CPU
	EndGlobalSection
	GlobalSection(ProjectConfigurationPlatforms) = postSolution
		{ECAAC86B-0891-42B7-A7B4-DE30E9AFC9F3}.Debug|Any CPU.ActiveCfg = Debug|Any CPU
		{ECAAC86B-0891-42B7-A7B4-DE30E9AFC9F3}.Debug|Any CPU.Build.0 = Debug|Any CPU
		{ECAAC86B-0891-42B7-A7B4-DE30E9AFC9F3}.Release|Any CPU.ActiveCfg = Release|Any CPU
		{ECAAC86B-0891-42B7-A7B4-DE30E9AFC9F3}.Release|Any CPU.Build.0 = Release|Any CPU
		{9743EE68-7F99-4B4E-A212-40CF4A909904}.Debug|Any CPU.ActiveCfg = Debug|Any CPU
		{9743EE68-7F99-4B4E-A212-40CF4A909904}.Debug|Any CPU.Build.0 = Debug|Any CPU
		{9743EE68-7F99-4B4E-A212-40CF4A909904}.Release|Any CPU.ActiveCfg = Release|Any CPU
		{9743EE68-7F99-4B4E-A212-40CF4A909904}.Release|Any CPU.Build.0 = Release|Any CPU
	EndGlobalSection
	GlobalSection(SolutionProperties) = preSolution
		HideSolutionNode = FALSE
	EndGlobalSection
	GlobalSection(ExtensibilityGlobals) = postSolution
		SolutionGuid = {F7596501-E524-44DE-80EF-941B594855D3}
	EndGlobalSection
EndGlobal
